// !$*UTF8*$!
{
	archiveVersion = 1;
	classes = {
	};
	objectVersion = 52;
	objects = {

/* Begin PBXBuildFile section */
		2F028ABF2416E13400ACF07B /* PackageSwiftPcapng in Frameworks */ = {isa = PBXBuildFile; productRef = 2F028ABE2416E13400ACF07B /* PackageSwiftPcapng */; };
		2F028AC02416E24700ACF07B /* DarrellLogHandler.swift in Sources */ = {isa = PBXBuildFile; fileRef = 2F5451CF23ED13FA00207DA3 /* DarrellLogHandler.swift */; };
		2F028AC22416E27D00ACF07B /* PackageSwiftPcapng in Frameworks */ = {isa = PBXBuildFile; productRef = 2F028AC12416E27D00ACF07B /* PackageSwiftPcapng */; };
		2F4F2F8123DE518C00957338 /* main.swift in Sources */ = {isa = PBXBuildFile; fileRef = 2F4F2F8023DE518C00957338 /* main.swift */; };
		2F4F2F8D23DE607000957338 /* PackageEtherCapture in Frameworks */ = {isa = PBXBuildFile; productRef = 2F4F2F8C23DE607000957338 /* PackageEtherCapture */; };
		2F4F2FA623DF956B00957338 /* ArgumentParser.swift in Sources */ = {isa = PBXBuildFile; fileRef = 2F4F2FA523DF956B00957338 /* ArgumentParser.swift */; };
		2F5451D023ED13FA00207DA3 /* DarrellLogHandler.swift in Sources */ = {isa = PBXBuildFile; fileRef = 2F5451CF23ED13FA00207DA3 /* DarrellLogHandler.swift */; };
		2FA6195123E920D600A75FA4 /* etherdump_test.swift in Sources */ = {isa = PBXBuildFile; fileRef = 2FA6195023E920D600A75FA4 /* etherdump_test.swift */; };
		2FA6195723E9217B00A75FA4 /* test001.pcapng in Resources */ = {isa = PBXBuildFile; fileRef = 2FA6195623E9217B00A75FA4 /* test001.pcapng */; };
		2FA6195823E9230A00A75FA4 /* main.swift in Sources */ = {isa = PBXBuildFile; fileRef = 2F4F2F8023DE518C00957338 /* main.swift */; };
		2FA6195923E9230D00A75FA4 /* ArgumentParser.swift in Sources */ = {isa = PBXBuildFile; fileRef = 2F4F2FA523DF956B00957338 /* ArgumentParser.swift */; };
		2FA6196823E9296800A75FA4 /* PackageEtherCapture in Frameworks */ = {isa = PBXBuildFile; productRef = 2FA6196723E9296800A75FA4 /* PackageEtherCapture */; };
/* End PBXBuildFile section */

/* Begin PBXCopyFilesBuildPhase section */
		2F4F2F7123DE513700957338 /* CopyFiles */ = {
			isa = PBXCopyFilesBuildPhase;
			buildActionMask = 2147483647;
			dstPath = /usr/share/man/man1/;
			dstSubfolderSpec = 0;
			files = (
			);
			runOnlyForDeploymentPostprocessing = 1;
		};
/* End PBXCopyFilesBuildPhase section */

/* Begin PBXFileReference section */
		2F4F2F7323DE513700957338 /* etherdump */ = {isa = PBXFileReference; explicitFileType = "compiled.mach-o.executable"; includeInIndex = 0; path = etherdump; sourceTree = BUILT_PRODUCTS_DIR; };
		2F4F2F8023DE518C00957338 /* main.swift */ = {isa = PBXFileReference; fileEncoding = 4; lastKnownFileType = sourcecode.swift; path = main.swift; sourceTree = "<group>"; };
		2F4F2FA523DF956B00957338 /* ArgumentParser.swift */ = {isa = PBXFileReference; lastKnownFileType = sourcecode.swift; path = ArgumentParser.swift; sourceTree = "<group>"; };
		2F5451CF23ED13FA00207DA3 /* DarrellLogHandler.swift */ = {isa = PBXFileReference; fileEncoding = 4; lastKnownFileType = sourcecode.swift; path = DarrellLogHandler.swift; sourceTree = "<group>"; };
		2FA6194E23E920D600A75FA4 /* etherdump-test.xctest */ = {isa = PBXFileReference; explicitFileType = wrapper.cfbundle; includeInIndex = 0; path = "etherdump-test.xctest"; sourceTree = BUILT_PRODUCTS_DIR; };
		2FA6195023E920D600A75FA4 /* etherdump_test.swift */ = {isa = PBXFileReference; lastKnownFileType = sourcecode.swift; path = etherdump_test.swift; sourceTree = "<group>"; };
		2FA6195223E920D600A75FA4 /* Info.plist */ = {isa = PBXFileReference; lastKnownFileType = text.plist.xml; path = Info.plist; sourceTree = "<group>"; };
		2FA6195623E9217B00A75FA4 /* test001.pcapng */ = {isa = PBXFileReference; lastKnownFileType = file; path = test001.pcapng; sourceTree = "<group>"; };
/* End PBXFileReference section */

/* Begin PBXFrameworksBuildPhase section */
		2F4F2F7023DE513700957338 /* Frameworks */ = {
			isa = PBXFrameworksBuildPhase;
			buildActionMask = 2147483647;
			files = (
				2F028ABF2416E13400ACF07B /* PackageSwiftPcapng in Frameworks */,
				2F4F2F8D23DE607000957338 /* PackageEtherCapture in Frameworks */,
			);
			runOnlyForDeploymentPostprocessing = 0;
		};
		2FA6194B23E920D600A75FA4 /* Frameworks */ = {
			isa = PBXFrameworksBuildPhase;
			buildActionMask = 2147483647;
			files = (
				2F028AC22416E27D00ACF07B /* PackageSwiftPcapng in Frameworks */,
				2FA6196823E9296800A75FA4 /* PackageEtherCapture in Frameworks */,
			);
			runOnlyForDeploymentPostprocessing = 0;
		};
/* End PBXFrameworksBuildPhase section */

/* Begin PBXGroup section */
		2F4F2F6A23DE513700957338 = {
			isa = PBXGroup;
			children = (
				2F4F2F7523DE513700957338 /* etherdump */,
				2FA6194F23E920D600A75FA4 /* etherdump-test */,
				2F4F2F7423DE513700957338 /* Products */,
				2FA6196623E9296800A75FA4 /* Frameworks */,
			);
			sourceTree = "<group>";
		};
		2F4F2F7423DE513700957338 /* Products */ = {
			isa = PBXGroup;
			children = (
				2F4F2F7323DE513700957338 /* etherdump */,
				2FA6194E23E920D600A75FA4 /* etherdump-test.xctest */,
			);
			name = Products;
			sourceTree = "<group>";
		};
		2F4F2F7523DE513700957338 /* etherdump */ = {
			isa = PBXGroup;
			children = (
				2F4F2F8023DE518C00957338 /* main.swift */,
				2F4F2FA523DF956B00957338 /* ArgumentParser.swift */,
				2F5451CF23ED13FA00207DA3 /* DarrellLogHandler.swift */,
			);
			path = etherdump;
			sourceTree = "<group>";
		};
		2FA6194F23E920D600A75FA4 /* etherdump-test */ = {
			isa = PBXGroup;
			children = (
				2FA6195623E9217B00A75FA4 /* test001.pcapng */,
				2FA6195023E920D600A75FA4 /* etherdump_test.swift */,
				2FA6195223E920D600A75FA4 /* Info.plist */,
			);
			path = "etherdump-test";
			sourceTree = "<group>";
		};
		2FA6196623E9296800A75FA4 /* Frameworks */ = {
			isa = PBXGroup;
			children = (
			);
			name = Frameworks;
			sourceTree = "<group>";
		};
/* End PBXGroup section */

/* Begin PBXNativeTarget section */
		2F4F2F7223DE513700957338 /* etherdump */ = {
			isa = PBXNativeTarget;
			buildConfigurationList = 2F4F2F7A23DE513700957338 /* Build configuration list for PBXNativeTarget "etherdump" */;
			buildPhases = (
				2F4F2F6F23DE513700957338 /* Sources */,
				2F4F2F7023DE513700957338 /* Frameworks */,
				2F4F2F7123DE513700957338 /* CopyFiles */,
			);
			buildRules = (
			);
			dependencies = (
			);
			name = etherdump;
			packageProductDependencies = (
				2F4F2F8C23DE607000957338 /* PackageEtherCapture */,
				2F028ABE2416E13400ACF07B /* PackageSwiftPcapng */,
			);
			productName = etherdump;
			productReference = 2F4F2F7323DE513700957338 /* etherdump */;
			productType = "com.apple.product-type.tool";
		};
		2FA6194D23E920D600A75FA4 /* etherdump-test */ = {
			isa = PBXNativeTarget;
			buildConfigurationList = 2FA6195323E920D600A75FA4 /* Build configuration list for PBXNativeTarget "etherdump-test" */;
			buildPhases = (
				2FA6194A23E920D600A75FA4 /* Sources */,
				2FA6194B23E920D600A75FA4 /* Frameworks */,
				2FA6194C23E920D600A75FA4 /* Resources */,
			);
			buildRules = (
			);
			dependencies = (
			);
			name = "etherdump-test";
			packageProductDependencies = (
				2FA6196723E9296800A75FA4 /* PackageEtherCapture */,
				2F028AC12416E27D00ACF07B /* PackageSwiftPcapng */,
			);
			productName = "etherdump-test";
			productReference = 2FA6194E23E920D600A75FA4 /* etherdump-test.xctest */;
			productType = "com.apple.product-type.bundle.unit-test";
		};
/* End PBXNativeTarget section */

/* Begin PBXProject section */
		2F4F2F6B23DE513700957338 /* Project object */ = {
			isa = PBXProject;
			attributes = {
				LastSwiftUpdateCheck = 1130;
				LastUpgradeCheck = 1130;
				ORGANIZATIONNAME = com.darrellroot;
				TargetAttributes = {
					2F4F2F7223DE513700957338 = {
						CreatedOnToolsVersion = 11.3.1;
					};
					2FA6194D23E920D600A75FA4 = {
						CreatedOnToolsVersion = 11.3.1;
					};
				};
			};
			buildConfigurationList = 2F4F2F6E23DE513700957338 /* Build configuration list for PBXProject "etherdump" */;
			compatibilityVersion = "Xcode 9.3";
			developmentRegion = en;
			hasScannedForEncodings = 0;
			knownRegions = (
				en,
				Base,
			);
			mainGroup = 2F4F2F6A23DE513700957338;
			packageReferences = (
				2F4F2F8B23DE607000957338 /* XCRemoteSwiftPackageReference "PackageEtherCapture" */,
				2F028ABD2416E13400ACF07B /* XCRemoteSwiftPackageReference "PackageSwiftPcapng" */,
			);
			productRefGroup = 2F4F2F7423DE513700957338 /* Products */;
			projectDirPath = "";
			projectRoot = "";
			targets = (
				2F4F2F7223DE513700957338 /* etherdump */,
				2FA6194D23E920D600A75FA4 /* etherdump-test */,
			);
		};
/* End PBXProject section */

/* Begin PBXResourcesBuildPhase section */
		2FA6194C23E920D600A75FA4 /* Resources */ = {
			isa = PBXResourcesBuildPhase;
			buildActionMask = 2147483647;
			files = (
				2FA6195723E9217B00A75FA4 /* test001.pcapng in Resources */,
			);
			runOnlyForDeploymentPostprocessing = 0;
		};
/* End PBXResourcesBuildPhase section */

/* Begin PBXSourcesBuildPhase section */
		2F4F2F6F23DE513700957338 /* Sources */ = {
			isa = PBXSourcesBuildPhase;
			buildActionMask = 2147483647;
			files = (
				2F5451D023ED13FA00207DA3 /* DarrellLogHandler.swift in Sources */,
				2F4F2F8123DE518C00957338 /* main.swift in Sources */,
				2F4F2FA623DF956B00957338 /* ArgumentParser.swift in Sources */,
			);
			runOnlyForDeploymentPostprocessing = 0;
		};
		2FA6194A23E920D600A75FA4 /* Sources */ = {
			isa = PBXSourcesBuildPhase;
			buildActionMask = 2147483647;
			files = (
				2F028AC02416E24700ACF07B /* DarrellLogHandler.swift in Sources */,
				2FA6195823E9230A00A75FA4 /* main.swift in Sources */,
				2FA6195123E920D600A75FA4 /* etherdump_test.swift in Sources */,
				2FA6195923E9230D00A75FA4 /* ArgumentParser.swift in Sources */,
			);
			runOnlyForDeploymentPostprocessing = 0;
		};
/* End PBXSourcesBuildPhase section */

/* Begin XCBuildConfiguration section */
		2F4F2F7823DE513700957338 /* Debug */ = {
			isa = XCBuildConfiguration;
			buildSettings = {
				ALWAYS_SEARCH_USER_PATHS = NO;
				CLANG_ANALYZER_NONNULL = YES;
				CLANG_ANALYZER_NUMBER_OBJECT_CONVERSION = YES_AGGRESSIVE;
				CLANG_CXX_LANGUAGE_STANDARD = "gnu++14";
				CLANG_CXX_LIBRARY = "libc++";
				CLANG_ENABLE_MODULES = YES;
				CLANG_ENABLE_OBJC_ARC = YES;
				CLANG_ENABLE_OBJC_WEAK = YES;
				CLANG_WARN_BLOCK_CAPTURE_AUTORELEASING = YES;
				CLANG_WARN_BOOL_CONVERSION = YES;
				CLANG_WARN_COMMA = YES;
				CLANG_WARN_CONSTANT_CONVERSION = YES;
				CLANG_WARN_DEPRECATED_OBJC_IMPLEMENTATIONS = YES;
				CLANG_WARN_DIRECT_OBJC_ISA_USAGE = YES_ERROR;
				CLANG_WARN_DOCUMENTATION_COMMENTS = YES;
				CLANG_WARN_EMPTY_BODY = YES;
				CLANG_WARN_ENUM_CONVERSION = YES;
				CLANG_WARN_INFINITE_RECURSION = YES;
				CLANG_WARN_INT_CONVERSION = YES;
				CLANG_WARN_NON_LITERAL_NULL_CONVERSION = YES;
				CLANG_WARN_OBJC_IMPLICIT_RETAIN_SELF = YES;
				CLANG_WARN_OBJC_LITERAL_CONVERSION = YES;
				CLANG_WARN_OBJC_ROOT_CLASS = YES_ERROR;
				CLANG_WARN_RANGE_LOOP_ANALYSIS = YES;
				CLANG_WARN_STRICT_PROTOTYPES = YES;
				CLANG_WARN_SUSPICIOUS_MOVE = YES;
				CLANG_WARN_UNGUARDED_AVAILABILITY = YES_AGGRESSIVE;
				CLANG_WARN_UNREACHABLE_CODE = YES;
				CLANG_WARN__DUPLICATE_METHOD_MATCH = YES;
				COPY_PHASE_STRIP = NO;
				DEBUG_INFORMATION_FORMAT = dwarf;
				ENABLE_STRICT_OBJC_MSGSEND = YES;
				ENABLE_TESTABILITY = YES;
				GCC_C_LANGUAGE_STANDARD = gnu11;
				GCC_DYNAMIC_NO_PIC = NO;
				GCC_NO_COMMON_BLOCKS = YES;
				GCC_OPTIMIZATION_LEVEL = 0;
				GCC_PREPROCESSOR_DEFINITIONS = (
					"DEBUG=1",
					"$(inherited)",
				);
				GCC_WARN_64_TO_32_BIT_CONVERSION = YES;
				GCC_WARN_ABOUT_RETURN_TYPE = YES_ERROR;
				GCC_WARN_UNDECLARED_SELECTOR = YES;
				GCC_WARN_UNINITIALIZED_AUTOS = YES_AGGRESSIVE;
				GCC_WARN_UNUSED_FUNCTION = YES;
				GCC_WARN_UNUSED_VARIABLE = YES;
				MACOSX_DEPLOYMENT_TARGET = 10.15;
				MTL_ENABLE_DEBUG_INFO = INCLUDE_SOURCE;
				MTL_FAST_MATH = YES;
				ONLY_ACTIVE_ARCH = YES;
				SDKROOT = macosx;
				SWIFT_ACTIVE_COMPILATION_CONDITIONS = DEBUG;
				SWIFT_OPTIMIZATION_LEVEL = "-Onone";
			};
			name = Debug;
		};
		2F4F2F7923DE513700957338 /* Release */ = {
			isa = XCBuildConfiguration;
			buildSettings = {
				ALWAYS_SEARCH_USER_PATHS = NO;
				CLANG_ANALYZER_NONNULL = YES;
				CLANG_ANALYZER_NUMBER_OBJECT_CONVERSION = YES_AGGRESSIVE;
				CLANG_CXX_LANGUAGE_STANDARD = "gnu++14";
				CLANG_CXX_LIBRARY = "libc++";
				CLANG_ENABLE_MODULES = YES;
				CLANG_ENABLE_OBJC_ARC = YES;
				CLANG_ENABLE_OBJC_WEAK = YES;
				CLANG_WARN_BLOCK_CAPTURE_AUTORELEASING = YES;
				CLANG_WARN_BOOL_CONVERSION = YES;
				CLANG_WARN_COMMA = YES;
				CLANG_WARN_CONSTANT_CONVERSION = YES;
				CLANG_WARN_DEPRECATED_OBJC_IMPLEMENTATIONS = YES;
				CLANG_WARN_DIRECT_OBJC_ISA_USAGE = YES_ERROR;
				CLANG_WARN_DOCUMENTATION_COMMENTS = YES;
				CLANG_WARN_EMPTY_BODY = YES;
				CLANG_WARN_ENUM_CONVERSION = YES;
				CLANG_WARN_INFINITE_RECURSION = YES;
				CLANG_WARN_INT_CONVERSION = YES;
				CLANG_WARN_NON_LITERAL_NULL_CONVERSION = YES;
				CLANG_WARN_OBJC_IMPLICIT_RETAIN_SELF = YES;
				CLANG_WARN_OBJC_LITERAL_CONVERSION = YES;
				CLANG_WARN_OBJC_ROOT_CLASS = YES_ERROR;
				CLANG_WARN_RANGE_LOOP_ANALYSIS = YES;
				CLANG_WARN_STRICT_PROTOTYPES = YES;
				CLANG_WARN_SUSPICIOUS_MOVE = YES;
				CLANG_WARN_UNGUARDED_AVAILABILITY = YES_AGGRESSIVE;
				CLANG_WARN_UNREACHABLE_CODE = YES;
				CLANG_WARN__DUPLICATE_METHOD_MATCH = YES;
				COPY_PHASE_STRIP = NO;
				DEBUG_INFORMATION_FORMAT = "dwarf-with-dsym";
				ENABLE_NS_ASSERTIONS = NO;
				ENABLE_STRICT_OBJC_MSGSEND = YES;
				GCC_C_LANGUAGE_STANDARD = gnu11;
				GCC_NO_COMMON_BLOCKS = YES;
				GCC_WARN_64_TO_32_BIT_CONVERSION = YES;
				GCC_WARN_ABOUT_RETURN_TYPE = YES_ERROR;
				GCC_WARN_UNDECLARED_SELECTOR = YES;
				GCC_WARN_UNINITIALIZED_AUTOS = YES_AGGRESSIVE;
				GCC_WARN_UNUSED_FUNCTION = YES;
				GCC_WARN_UNUSED_VARIABLE = YES;
				MACOSX_DEPLOYMENT_TARGET = 10.15;
				MTL_ENABLE_DEBUG_INFO = NO;
				MTL_FAST_MATH = YES;
				SDKROOT = macosx;
				SWIFT_COMPILATION_MODE = wholemodule;
				SWIFT_OPTIMIZATION_LEVEL = "-O";
			};
			name = Release;
		};
		2F4F2F7B23DE513700957338 /* Debug */ = {
			isa = XCBuildConfiguration;
			buildSettings = {
				CODE_SIGN_STYLE = Automatic;
				DEVELOPMENT_TEAM = 8DU2Q8ABKY;
				ENABLE_HARDENED_RUNTIME = YES;
				PRODUCT_NAME = "$(TARGET_NAME)";
				SWIFT_VERSION = 5.0;
			};
			name = Debug;
		};
		2F4F2F7C23DE513700957338 /* Release */ = {
			isa = XCBuildConfiguration;
			buildSettings = {
				CODE_SIGN_STYLE = Automatic;
				DEVELOPMENT_TEAM = 8DU2Q8ABKY;
				ENABLE_HARDENED_RUNTIME = YES;
				PRODUCT_NAME = "$(TARGET_NAME)";
				SWIFT_VERSION = 5.0;
			};
			name = Release;
		};
		2FA6195423E920D600A75FA4 /* Debug */ = {
			isa = XCBuildConfiguration;
			buildSettings = {
				CODE_SIGN_STYLE = Automatic;
				COMBINE_HIDPI_IMAGES = YES;
				DEVELOPMENT_TEAM = 8DU2Q8ABKY;
				INFOPLIST_FILE = "etherdump-test/Info.plist";
				LD_RUNPATH_SEARCH_PATHS = (
					"$(inherited)",
					"@executable_path/../Frameworks",
					"@loader_path/../Frameworks",
				);
				PRODUCT_BUNDLE_IDENTIFIER = "net.networkmom.etherdump-test";
				PRODUCT_NAME = "$(TARGET_NAME)";
				SWIFT_VERSION = 5.0;
			};
			name = Debug;
		};
		2FA6195523E920D600A75FA4 /* Release */ = {
			isa = XCBuildConfiguration;
			buildSettings = {
				CODE_SIGN_STYLE = Automatic;
				COMBINE_HIDPI_IMAGES = YES;
				DEVELOPMENT_TEAM = 8DU2Q8ABKY;
				INFOPLIST_FILE = "etherdump-test/Info.plist";
				LD_RUNPATH_SEARCH_PATHS = (
					"$(inherited)",
					"@executable_path/../Frameworks",
					"@loader_path/../Frameworks",
				);
				PRODUCT_BUNDLE_IDENTIFIER = "net.networkmom.etherdump-test";
				PRODUCT_NAME = "$(TARGET_NAME)";
				SWIFT_VERSION = 5.0;
			};
			name = Release;
		};
/* End XCBuildConfiguration section */

/* Begin XCConfigurationList section */
		2F4F2F6E23DE513700957338 /* Build configuration list for PBXProject "etherdump" */ = {
			isa = XCConfigurationList;
			buildConfigurations = (
				2F4F2F7823DE513700957338 /* Debug */,
				2F4F2F7923DE513700957338 /* Release */,
			);
			defaultConfigurationIsVisible = 0;
			defaultConfigurationName = Release;
		};
		2F4F2F7A23DE513700957338 /* Build configuration list for PBXNativeTarget "etherdump" */ = {
			isa = XCConfigurationList;
			buildConfigurations = (
				2F4F2F7B23DE513700957338 /* Debug */,
				2F4F2F7C23DE513700957338 /* Release */,
			);
			defaultConfigurationIsVisible = 0;
			defaultConfigurationName = Release;
		};
		2FA6195323E920D600A75FA4 /* Build configuration list for PBXNativeTarget "etherdump-test" */ = {
			isa = XCConfigurationList;
			buildConfigurations = (
				2FA6195423E920D600A75FA4 /* Debug */,
				2FA6195523E920D600A75FA4 /* Release */,
			);
			defaultConfigurationIsVisible = 0;
			defaultConfigurationName = Release;
		};
/* End XCConfigurationList section */

/* Begin XCRemoteSwiftPackageReference section */
		2F028ABD2416E13400ACF07B /* XCRemoteSwiftPackageReference "PackageSwiftPcapng" */ = {
			isa = XCRemoteSwiftPackageReference;
			repositoryURL = "https://github.com/darrellroot/PackageSwiftPcapng.git";
			requirement = {
				kind = upToNextMajorVersion;
				minimumVersion = 0.0.39;
			};
		};
		2F4F2F8B23DE607000957338 /* XCRemoteSwiftPackageReference "PackageEtherCapture" */ = {
			isa = XCRemoteSwiftPackageReference;
			repositoryURL = "https://github.com/darrellroot/PackageEtherCapture.git";
			requirement = {
				kind = upToNextMajorVersion;
				minimumVersion = 0.0.40;
			};
		};
/* End XCRemoteSwiftPackageReference section */

/* Begin XCSwiftPackageProductDependency section */
		2F028ABE2416E13400ACF07B /* PackageSwiftPcapng */ = {
			isa = XCSwiftPackageProductDependency;
			package = 2F028ABD2416E13400ACF07B /* XCRemoteSwiftPackageReference "PackageSwiftPcapng" */;
			productName = PackageSwiftPcapng;
		};
		2F028AC12416E27D00ACF07B /* PackageSwiftPcapng */ = {
			isa = XCSwiftPackageProductDependency;
			package = 2F028ABD2416E13400ACF07B /* XCRemoteSwiftPackageReference "PackageSwiftPcapng" */;
			productName = PackageSwiftPcapng;
		};
		2F4F2F8C23DE607000957338 /* PackageEtherCapture */ = {
			isa = XCSwiftPackageProductDependency;
			package = 2F4F2F8B23DE607000957338 /* XCRemoteSwiftPackageReference "PackageEtherCapture" */;
			productName = PackageEtherCapture;
		};
		2FA6196723E9296800A75FA4 /* PackageEtherCapture */ = {
			isa = XCSwiftPackageProductDependency;
			package = 2F4F2F8B23DE607000957338 /* XCRemoteSwiftPackageReference "PackageEtherCapture" */;
			productName = PackageEtherCapture;
		};
/* End XCSwiftPackageProductDependency section */
	};
	rootObject = 2F4F2F6B23DE513700957338 /* Project object */;
}
