{
  "object": {
    "pins": [
      {
        "package": "PackageEtherCapture",
        "repositoryURL": "https://github.com/darrellroot/PackageEtherCapture.git",
        "state": {
          "branch": null,
          "revision": "71c15b0610b1f83758e6568bbd2e66c0fe85547b",
          "version": "0.0.21"
        }
      }
    ]
  },
  "version": 1
}
