{
  "object": {
    "pins": [
      {
        "package": "PackageEtherCapture",
        "repositoryURL": "https://github.com/darrellroot/PackageEtherCapture.git",
        "state": {
          "branch": null,
          "revision": "aca8220f0bec1bfb219d51fbf419d430b1cfbe45",
          "version": "0.0.24"
        }
      }
    ]
  },
  "version": 1
}
